
Microsoft Visual Studio Solution File, Format Version 12.00
# Visual Studio 15
VisualStudioVersion = 15.0.27004.2002
MinimumVisualStudioVersion = 10.0.40219.1
Project("{8BC9CEB8-8B4A-11D0-8D11-00A0C91BC942}") = "shake_neck", "shake_neck\shake_neck.vcxproj", "{14A6F3D7-C709-41DE-B495-C269451258B0}"
EndProject
Global
	GlobalSection(SolutionConfigurationPlatforms) = preSolution
		Debug|x64 = Debug|x64
		Debug|x86 = Debug|x86
		Release|x64 = Release|x64
		Release|x86 = Release|x86
	EndGlobalSection
	GlobalSection(ProjectConfigurationPlatforms) = postSolution
		{14A6F3D7-C709-41DE-B495-C269451258B0}.Debug|x64.ActiveCfg = Debug|x64
		{14A6F3D7-C709-41DE-B495-C269451258B0}.Debug|x64.Build.0 = Debug|x64
		{14A6F3D7-C709-41DE-B495-C269451258B0}.Debug|x86.ActiveCfg = Debug|Win32
		{14A6F3D7-C709-41DE-B495-C269451258B0}.Debug|x86.Build.0 = Debug|Win32
		{14A6F3D7-C709-41DE-B495-C269451258B0}.Release|x64.ActiveCfg = Release|x64
		{14A6F3D7-C709-41DE-B495-C269451258B0}.Release|x64.Build.0 = Release|x64
		{14A6F3D7-C709-41DE-B495-C269451258B0}.Release|x86.ActiveCfg = Release|Win32
		{14A6F3D7-C709-41DE-B495-C269451258B0}.Release|x86.Build.0 = Release|Win32
	EndGlobalSection
	GlobalSection(SolutionProperties) = preSolution
		HideSolutionNode = FALSE
	EndGlobalSection
	GlobalSection(ExtensibilityGlobals) = postSolution
		SolutionGuid = {1EF05B28-7D26-4BD1-93FF-BB4CD4FA48A9}
	EndGlobalSection
EndGlobal
